
Microsoft Visual Studio Solution File, Format Version 12.00
# Visual Studio Version 17
VisualStudioVersion = 17.0.31903.59
MinimumVisualStudioVersion = 10.0.40219.1
Project("{FAE04EC0-301F-11D3-BF4B-00C04F79EFBC}") = "Simulación de Bolillero", "Simulación de Bolillero\Simulación de Bolillero.csproj", "{AAE2D66A-6F17-4492-B472-9E55DD261FE4}"
EndProject
Project("{FAE04EC0-301F-11D3-BF4B-00C04F79EFBC}") = "TestsProyectos", "TestsProyectos\TestsProyectos.csproj", "{BEF7E2AA-AF13-43D9-88A1-2A641A68AD52}"
EndProject
Global
	GlobalSection(SolutionConfigurationPlatforms) = preSolution
		Debug|Any CPU = Debug|Any CPU
		Debug|x64 = Debug|x64
		Debug|x86 = Debug|x86
		Release|Any CPU = Release|Any CPU
		Release|x64 = Release|x64
		Release|x86 = Release|x86
	EndGlobalSection
	GlobalSection(ProjectConfigurationPlatforms) = postSolution
		{AAE2D66A-6F17-4492-B472-9E55DD261FE4}.Debug|Any CPU.ActiveCfg = Debug|Any CPU
		{AAE2D66A-6F17-4492-B472-9E55DD261FE4}.Debug|Any CPU.Build.0 = Debug|Any CPU
		{AAE2D66A-6F17-4492-B472-9E55DD261FE4}.Debug|x64.ActiveCfg = Debug|Any CPU
		{AAE2D66A-6F17-4492-B472-9E55DD261FE4}.Debug|x64.Build.0 = Debug|Any CPU
		{AAE2D66A-6F17-4492-B472-9E55DD261FE4}.Debug|x86.ActiveCfg = Debug|Any CPU
		{AAE2D66A-6F17-4492-B472-9E55DD261FE4}.Debug|x86.Build.0 = Debug|Any CPU
		{AAE2D66A-6F17-4492-B472-9E55DD261FE4}.Release|Any CPU.ActiveCfg = Release|Any CPU
		{AAE2D66A-6F17-4492-B472-9E55DD261FE4}.Release|Any CPU.Build.0 = Release|Any CPU
		{AAE2D66A-6F17-4492-B472-9E55DD261FE4}.Release|x64.ActiveCfg = Release|Any CPU
		{AAE2D66A-6F17-4492-B472-9E55DD261FE4}.Release|x64.Build.0 = Release|Any CPU
		{AAE2D66A-6F17-4492-B472-9E55DD261FE4}.Release|x86.ActiveCfg = Release|Any CPU
		{AAE2D66A-6F17-4492-B472-9E55DD261FE4}.Release|x86.Build.0 = Release|Any CPU
		{BEF7E2AA-AF13-43D9-88A1-2A641A68AD52}.Debug|Any CPU.ActiveCfg = Debug|Any CPU
		{BEF7E2AA-AF13-43D9-88A1-2A641A68AD52}.Debug|Any CPU.Build.0 = Debug|Any CPU
		{BEF7E2AA-AF13-43D9-88A1-2A641A68AD52}.Debug|x64.ActiveCfg = Debug|Any CPU
		{BEF7E2AA-AF13-43D9-88A1-2A641A68AD52}.Debug|x64.Build.0 = Debug|Any CPU
		{BEF7E2AA-AF13-43D9-88A1-2A641A68AD52}.Debug|x86.ActiveCfg = Debug|Any CPU
		{BEF7E2AA-AF13-43D9-88A1-2A641A68AD52}.Debug|x86.Build.0 = Debug|Any CPU
		{BEF7E2AA-AF13-43D9-88A1-2A641A68AD52}.Release|Any CPU.ActiveCfg = Release|Any CPU
		{BEF7E2AA-AF13-43D9-88A1-2A641A68AD52}.Release|Any CPU.Build.0 = Release|Any CPU
		{BEF7E2AA-AF13-43D9-88A1-2A641A68AD52}.Release|x64.ActiveCfg = Release|Any CPU
		{BEF7E2AA-AF13-43D9-88A1-2A641A68AD52}.Release|x64.Build.0 = Release|Any CPU
		{BEF7E2AA-AF13-43D9-88A1-2A641A68AD52}.Release|x86.ActiveCfg = Release|Any CPU
		{BEF7E2AA-AF13-43D9-88A1-2A641A68AD52}.Release|x86.Build.0 = Release|Any CPU
	EndGlobalSection
	GlobalSection(SolutionProperties) = preSolution
		HideSolutionNode = FALSE
	EndGlobalSection
EndGlobal
